<?xml version="1.0" encoding="utf-8"?>
<Project ToolsVersion="4.0" xmlns="http://schemas.microsoft.com/developer/msbuild/2003">
  <ItemGroup>
    <Filter Include="Source Files">
      <UniqueIdentifier>{4FC737F1-C7A5-4376-A066-2A32D752A2FF}</UniqueIdentifier>
      <Extensions>cpp;c;cc;cxx;def;odl;idl;hpj;bat;asm;asmx</Extensions>
    </Filter>
    <Filter Include="Header Files">
      <UniqueIdentifier>{93995380-89BD-4b04-88EB-625FBE52EBFB}</UniqueIdentifier>
      <Extensions>h;hh;hpp;hxx;hm;inl;inc;xsd</Extensions>
    </Filter>
    <Filter Include="Resource Files">
      <UniqueIdentifier>{67DA6AB6-F800-4c08-8B7A-83BB121AAD01}</UniqueIdentifier>
      <Extensions>rc;ico;cur;bmp;dlg;rc2;rct;bin;rgs;gif;jpg;jpeg;jpe;resx;tiff;tif;png;wav;mfcribbon-ms</Extensions>
    </Filter>
    <Filter Include="Header Files\ObjFile">
      <UniqueIdentifier>{180c4ed4-ef93-44db-8ce7-5dc0cfb1da29}</UniqueIdentifier>
    </Filter>
    <Filter Include="Source Files\ObjFile">
      <UniqueIdentifier>{40ded48b-1e92-46fa-b827-79bc83121f3b}</UniqueIdentifier>
    </Filter>
    <Filter Include="Source Files\Shader">
      <UniqueIdentifier>{5c20a261-b2a2-480e-b63a-5a796b451df0}</UniqueIdentifier>
    </Filter>
    <Filter Include="Header Files\Camera">
      <UniqueIdentifier>{4db271cc-8885-4741-ac86-3e041b9dac56}</UniqueIdentifier>
    </Filter>
    <Filter Include="Source Files\Camera">
      <UniqueIdentifier>{de8c6ee5-70d3-4ada-9f5d-4e2c05f0f779}</UniqueIdentifier>
    </Filter>
    <Filter Include="Header Files\Axes">
      <UniqueIdentifier>{0ec160e8-b9a9-4699-9eae-22677e539fda}</UniqueIdentifier>
    </Filter>
    <Filter Include="Source Files\Axes">
      <UniqueIdentifier>{0c74ed8e-672c-49d4-b332-4748d90b088c}</UniqueIdentifier>
    </Filter>
    <Filter Include="Header Files\Shader">
      <UniqueIdentifier>{51add403-d0d8-4b71-bb67-8072ecae2ff6}</UniqueIdentifier>
    </Filter>
    <Filter Include="Header Files\Grid">
      <UniqueIdentifier>{9910814b-86f1-400e-a854-91dba64510bf}</UniqueIdentifier>
    </Filter>
    <Filter Include="Source Files\Grid">
      <UniqueIdentifier>{ef03a184-b165-46c7-8fc4-f16a2dd0fdcf}</UniqueIdentifier>
    </Filter>
    <Filter Include="Header Files\MqoFile">
      <UniqueIdentifier>{ee22a742-3ffe-4bae-b964-d8986de6595f}</UniqueIdentifier>
    </Filter>
    <Filter Include="Source Files\MqoFile">
      <UniqueIdentifier>{e330d2b5-2386-4b34-b210-cee07b4ae66c}</UniqueIdentifier>
    </Filter>
    <Filter Include="Header Files\SmdFile">
      <UniqueIdentifier>{7bd76f18-3b78-409c-bf63-fb06f24e618d}</UniqueIdentifier>
    </Filter>
    <Filter Include="Source Files\SmdFile">
      <UniqueIdentifier>{bfbeaae0-dafb-47a6-97bd-b04cfb82303a}</UniqueIdentifier>
    </Filter>
    <Filter Include="Header Files\Selector">
      <UniqueIdentifier>{8f8d39a5-f099-48d1-9091-b4d4f261a281}</UniqueIdentifier>
    </Filter>
    <Filter Include="Source Files\Selector">
      <UniqueIdentifier>{3c2e4435-945f-473f-8882-23b46065c4ff}</UniqueIdentifier>
    </Filter>
  </ItemGroup>
  <ItemGroup>
    <ClInclude Include="..\include\diy\shader.hpp">
      <Filter>Header Files\Shader</Filter>
    </ClInclude>
    <ClInclude Include="..\include\diy\camera.hpp">
      <Filter>Header Files\Camera</Filter>
    </ClInclude>
    <ClInclude Include="..\include\diy\axes.hpp">
      <Filter>Header Files\Axes</Filter>
    </ClInclude>
    <ClInclude Include="..\include\diy\grid.hpp">
      <Filter>Header Files\Grid</Filter>
    </ClInclude>
    <ClInclude Include="..\include\diy\DIY.hpp">
      <Filter>Header Files</Filter>
    </ClInclude>
    <ClInclude Include="..\source\obj\mtlColorRGB.hpp">
      <Filter>Header Files\ObjFile</Filter>
    </ClInclude>
    <ClInclude Include="..\source\obj\mtlFile.hpp">
      <Filter>Header Files\ObjFile</Filter>
    </ClInclude>
    <ClInclude Include="..\source\obj\mtlMaterial.hpp">
      <Filter>Header Files\ObjFile</Filter>
    </ClInclude>
    <ClInclude Include="..\source\obj\objFace.hpp">
      <Filter>Header Files\ObjFile</Filter>
    </ClInclude>
    <ClInclude Include="..\source\obj\objFile.hpp">
      <Filter>Header Files\ObjFile</Filter>
    </ClInclude>
    <ClInclude Include="..\source\obj\objIndexedVertex.hpp">
      <Filter>Header Files\ObjFile</Filter>
    </ClInclude>
    <ClInclude Include="..\source\obj\objTexCoord.hpp">
      <Filter>Header Files\ObjFile</Filter>
    </ClInclude>
    <ClInclude Include="..\source\obj\objVector.hpp">
      <Filter>Header Files\ObjFile</Filter>
    </ClInclude>
    <ClInclude Include="..\source\mqo\mqoFace.hpp">
      <Filter>Header Files\MqoFile</Filter>
    </ClInclude>
    <ClInclude Include="..\source\mqo\mqoFile.hpp">
      <Filter>Header Files\MqoFile</Filter>
    </ClInclude>
    <ClInclude Include="..\source\mqo\mqoLight.hpp">
      <Filter>Header Files\MqoFile</Filter>
    </ClInclude>
    <ClInclude Include="..\source\mqo\mqoMaterial.hpp">
      <Filter>Header Files\MqoFile</Filter>
    </ClInclude>
    <ClInclude Include="..\source\mqo\mqoObject.hpp">
      <Filter>Header Files\MqoFile</Filter>
    </ClInclude>
    <ClInclude Include="..\source\mqo\mqoScene.hpp">
      <Filter>Header Files\MqoFile</Filter>
    </ClInclude>
    <ClInclude Include="..\source\mqo\mqoString.hpp">
      <Filter>Header Files\MqoFile</Filter>
    </ClInclude>
    <ClInclude Include="..\source\mqo\mqoVector.hpp">
      <Filter>Header Files\MqoFile</Filter>
    </ClInclude>
    <ClInclude Include="..\source\mqo\mqoTexCoord.hpp">
      <Filter>Header Files\MqoFile</Filter>
    </ClInclude>
    <ClInclude Include="..\source\smd\smdBone.hpp">
      <Filter>Header Files\SmdFile</Filter>
    </ClInclude>
    <ClInclude Include="..\source\smd\smdFace.hpp">
      <Filter>Header Files\SmdFile</Filter>
    </ClInclude>
    <ClInclude Include="..\source\smd\smdFile.hpp">
      <Filter>Header Files\SmdFile</Filter>
    </ClInclude>
    <ClInclude Include="..\source\smd\smdFrame.hpp">
      <Filter>Header Files\SmdFile</Filter>
    </ClInclude>
    <ClInclude Include="..\source\smd\smdSkinWeight.hpp">
      <Filter>Header Files\SmdFile</Filter>
    </ClInclude>
    <ClInclude Include="..\source\smd\smdTexCoord.hpp">
      <Filter>Header Files\SmdFile</Filter>
    </ClInclude>
    <ClInclude Include="..\source\smd\smdVector.hpp">
      <Filter>Header Files\SmdFile</Filter>
    </ClInclude>
    <ClInclude Include="..\source\smd\smdVertex.hpp">
      <Filter>Header Files\SmdFile</Filter>
    </ClInclude>
    <ClInclude Include="..\include\diy\selectable.hpp">
      <Filter>Header Files\Selector</Filter>
    </ClInclude>
    <ClInclude Include="..\include\diy\selector.hpp">
      <Filter>Header Files\Selector</Filter>
    </ClInclude>
    <ClInclude Include="..\include\diy\selectableSphere.hpp">
      <Filter>Header Files\Selector</Filter>
    </ClInclude>
    <ClInclude Include="..\include\diy\intersection.hpp">
      <Filter>Header Files\Selector</Filter>
    </ClInclude>
    <ClInclude Include="..\include\diy\selectableMesh.hpp">
      <Filter>Header Files\Selector</Filter>
    </ClInclude>
    <ClInclude Include="..\include\diy\selectablePointCloud.hpp">
      <Filter>Header Files\Selector</Filter>
    </ClInclude>
  </ItemGroup>
  <ItemGroup>
    <ClCompile Include="..\source\obj\mtlColorRGB.cpp">
      <Filter>Source Files\ObjFile</Filter>
    </ClCompile>
    <ClCompile Include="..\source\obj\mtlFile.cpp">
      <Filter>Source Files\ObjFile</Filter>
    </ClCompile>
    <ClCompile Include="..\source\obj\mtlMaterial.cpp">
      <Filter>Source Files\ObjFile</Filter>
    </ClCompile>
    <ClCompile Include="..\source\obj\objFace.cpp">
      <Filter>Source Files\ObjFile</Filter>
    </ClCompile>
    <ClCompile Include="..\source\obj\objFile.cpp">
      <Filter>Source Files\ObjFile</Filter>
    </ClCompile>
    <ClCompile Include="..\source\obj\objIndexedVertex.cpp">
      <Filter>Source Files\ObjFile</Filter>
    </ClCompile>
    <ClCompile Include="..\source\obj\objTexCoord.cpp">
      <Filter>Source Files\ObjFile</Filter>
    </ClCompile>
    <ClCompile Include="..\source\obj\objVector.cpp">
      <Filter>Source Files\ObjFile</Filter>
    </ClCompile>
    <ClCompile Include="..\source\shader.cpp">
      <Filter>Source Files\Shader</Filter>
    </ClCompile>
    <ClCompile Include="..\source\camera.cpp">
      <Filter>Source Files\Camera</Filter>
    </ClCompile>
    <ClCompile Include="..\source\axes.cpp">
      <Filter>Source Files\Axes</Filter>
    </ClCompile>
    <ClCompile Include="..\source\grid.cpp">
      <Filter>Source Files\Grid</Filter>
    </ClCompile>
    <ClCompile Include="..\source\mqo\mqoFace.cpp">
      <Filter>Source Files\MqoFile</Filter>
    </ClCompile>
    <ClCompile Include="..\source\mqo\mqoFile.cpp">
      <Filter>Source Files\MqoFile</Filter>
    </ClCompile>
    <ClCompile Include="..\source\mqo\mqoLight.cpp">
      <Filter>Source Files\MqoFile</Filter>
    </ClCompile>
    <ClCompile Include="..\source\mqo\mqoMaterial.cpp">
      <Filter>Source Files\MqoFile</Filter>
    </ClCompile>
    <ClCompile Include="..\source\mqo\mqoObject.cpp">
      <Filter>Source Files\MqoFile</Filter>
    </ClCompile>
    <ClCompile Include="..\source\mqo\mqoScene.cpp">
      <Filter>Source Files\MqoFile</Filter>
    </ClCompile>
    <ClCompile Include="..\source\mqo\mqoString.cpp">
      <Filter>Source Files\MqoFile</Filter>
    </ClCompile>
    <ClCompile Include="..\source\mqo\mqoTexCoord.cpp">
      <Filter>Source Files\MqoFile</Filter>
    </ClCompile>
    <ClCompile Include="..\source\mqo\mqoVector.cpp">
      <Filter>Source Files\MqoFile</Filter>
    </ClCompile>
    <ClCompile Include="..\source\smd\smdBone.cpp">
      <Filter>Source Files\SmdFile</Filter>
    </ClCompile>
    <ClCompile Include="..\source\smd\smdFace.cpp">
      <Filter>Source Files\SmdFile</Filter>
    </ClCompile>
    <ClCompile Include="..\source\smd\smdFile.cpp">
      <Filter>Source Files\SmdFile</Filter>
    </ClCompile>
    <ClCompile Include="..\source\smd\smdFrame.cpp">
      <Filter>Source Files\SmdFile</Filter>
    </ClCompile>
    <ClCompile Include="..\source\smd\smdSkinWeight.cpp">
      <Filter>Source Files\SmdFile</Filter>
    </ClCompile>
    <ClCompile Include="..\source\smd\smdTexCoord.cpp">
      <Filter>Source Files\SmdFile</Filter>
    </ClCompile>
    <ClCompile Include="..\source\smd\smdVector.cpp">
      <Filter>Source Files\SmdFile</Filter>
    </ClCompile>
    <ClCompile Include="..\source\smd\smdVertex.cpp">
      <Filter>Source Files\SmdFile</Filter>
    </ClCompile>
    <ClCompile Include="..\source\selectable.cpp">
      <Filter>Source Files\Selector</Filter>
    </ClCompile>
    <ClCompile Include="..\source\selector.cpp">
      <Filter>Source Files\Selector</Filter>
    </ClCompile>
    <ClCompile Include="..\source\intersection.cpp">
      <Filter>Source Files\Selector</Filter>
    </ClCompile>
    <ClCompile Include="..\source\selectableSphere.cpp">
      <Filter>Source Files\Selector</Filter>
    </ClCompile>
    <ClCompile Include="..\source\selectableMesh.cpp">
      <Filter>Source Files\Selector</Filter>
    </ClCompile>
    <ClCompile Include="..\source\selectablePointCloud.cpp">
      <Filter>Source Files\Selector</Filter>
    </ClCompile>
  </ItemGroup>
</Project>